
Microsoft Visual Studio Solution File, Format Version 12.00
# Visual Studio 15
VisualStudioVersion = 15.0.27130.2020
MinimumVisualStudioVersion = 10.0.40219.1
Project("{FAE04EC0-301F-11D3-BF4B-00C04F79EFBC}") = "HouseBuilder", "HouseBuilder\HouseBuilder.csproj", "{21B082DF-D98E-4A3E-8DB0-A18BBFEB49D4}"
EndProject
Global
	GlobalSection(SolutionConfigurationPlatforms) = preSolution
		Debug|Any CPU = Debug|Any CPU
		Release|Any CPU = Release|Any CPU
	EndGlobalSection
	GlobalSection(ProjectConfigurationPlatforms) = postSolution
		{21B082DF-D98E-4A3E-8DB0-A18BBFEB49D4}.Debug|Any CPU.ActiveCfg = Debug|Any CPU
		{21B082DF-D98E-4A3E-8DB0-A18BBFEB49D4}.Debug|Any CPU.Build.0 = Debug|Any CPU
		{21B082DF-D98E-4A3E-8DB0-A18BBFEB49D4}.Release|Any CPU.ActiveCfg = Release|Any CPU
		{21B082DF-D98E-4A3E-8DB0-A18BBFEB49D4}.Release|Any CPU.Build.0 = Release|Any CPU
	EndGlobalSection
	GlobalSection(SolutionProperties) = preSolution
		HideSolutionNode = FALSE
	EndGlobalSection
	GlobalSection(ExtensibilityGlobals) = postSolution
		SolutionGuid = {0124A9BF-07E5-407E-BA67-05569600476B}
	EndGlobalSection
EndGlobal
