
Microsoft Visual Studio Solution File, Format Version 12.00
# Visual Studio 15
VisualStudioVersion = 15.0.27703.1
MinimumVisualStudioVersion = 10.0.40219.1
Project("{FAE04EC0-301F-11D3-BF4B-00C04F79EFBC}") = "LinqToXml", "LinqToXml\LinqToXml.csproj", "{53F6AEBC-BEE2-4C09-9A59-8A0C2FE14D92}"
EndProject
Global
	GlobalSection(SolutionConfigurationPlatforms) = preSolution
		Debug|Any CPU = Debug|Any CPU
		Release|Any CPU = Release|Any CPU
	EndGlobalSection
	GlobalSection(ProjectConfigurationPlatforms) = postSolution
		{53F6AEBC-BEE2-4C09-9A59-8A0C2FE14D92}.Debug|Any CPU.ActiveCfg = Debug|Any CPU
		{53F6AEBC-BEE2-4C09-9A59-8A0C2FE14D92}.Debug|Any CPU.Build.0 = Debug|Any CPU
		{53F6AEBC-BEE2-4C09-9A59-8A0C2FE14D92}.Release|Any CPU.ActiveCfg = Release|Any CPU
		{53F6AEBC-BEE2-4C09-9A59-8A0C2FE14D92}.Release|Any CPU.Build.0 = Release|Any CPU
	EndGlobalSection
	GlobalSection(SolutionProperties) = preSolution
		HideSolutionNode = FALSE
	EndGlobalSection
	GlobalSection(ExtensibilityGlobals) = postSolution
		SolutionGuid = {895A60A2-1569-4D24-85BD-482F1C8591B2}
	EndGlobalSection
EndGlobal
